
Microsoft Visual Studio Solution File, Format Version 12.00
# Visual Studio Version 16
VisualStudioVersion = 16.0.810.18
MinimumVisualStudioVersion = 10.0.40219.1
Project("{FAE04EC0-301F-11D3-BF4B-00C04F79EFBC}") = "WeatherApp", "WeatherApp\WeatherApp.csproj", "{D16B5D9E-5C86-4D69-B9F9-D4C7B3F2130C}"
EndProject
Global
	GlobalSection(SolutionConfigurationPlatforms) = preSolution
		Debug|Any CPU = Debug|Any CPU
		Release|Any CPU = Release|Any CPU
	EndGlobalSection
	GlobalSection(ProjectConfigurationPlatforms) = postSolution
		{D16B5D9E-5C86-4D69-B9F9-D4C7B3F2130C}.Debug|Any CPU.ActiveCfg = Debug|Any CPU
		{D16B5D9E-5C86-4D69-B9F9-D4C7B3F2130C}.Debug|Any CPU.Build.0 = Debug|Any CPU
		{D16B5D9E-5C86-4D69-B9F9-D4C7B3F2130C}.Release|Any CPU.ActiveCfg = Release|Any CPU
		{D16B5D9E-5C86-4D69-B9F9-D4C7B3F2130C}.Release|Any CPU.Build.0 = Release|Any CPU
	EndGlobalSection
	GlobalSection(SolutionProperties) = preSolution
		HideSolutionNode = FALSE
	EndGlobalSection
	GlobalSection(ExtensibilityGlobals) = postSolution
		SolutionGuid = {1274EAEF-86EE-49C0-878D-639C77895F6B}
	EndGlobalSection
EndGlobal
